
Microsoft Visual Studio Solution File, Format Version 12.00
# Visual Studio Version 17
VisualStudioVersion = 17.11.35208.52
MinimumVisualStudioVersion = 10.0.40219.1
Project("{FAE04EC0-301F-11D3-BF4B-00C04F79EFBC}") = "TestStoredProcedures", "TestStoredProcedures\TestStoredProcedures.csproj", "{FE0A73FF-E1F7-4297-BA55-6B35C56CB4B1}"
EndProject
Global
	GlobalSection(SolutionConfigurationPlatforms) = preSolution
		Debug|Any CPU = Debug|Any CPU
		Release|Any CPU = Release|Any CPU
	EndGlobalSection
	GlobalSection(ProjectConfigurationPlatforms) = postSolution
		{FE0A73FF-E1F7-4297-BA55-6B35C56CB4B1}.Debug|Any CPU.ActiveCfg = Debug|Any CPU
		{FE0A73FF-E1F7-4297-BA55-6B35C56CB4B1}.Debug|Any CPU.Build.0 = Debug|Any CPU
		{FE0A73FF-E1F7-4297-BA55-6B35C56CB4B1}.Release|Any CPU.ActiveCfg = Release|Any CPU
		{FE0A73FF-E1F7-4297-BA55-6B35C56CB4B1}.Release|Any CPU.Build.0 = Release|Any CPU
	EndGlobalSection
	GlobalSection(SolutionProperties) = preSolution
		HideSolutionNode = FALSE
	EndGlobalSection
	GlobalSection(ExtensibilityGlobals) = postSolution
		SolutionGuid = {980744A9-4392-43E6-8750-6F6974D22D6D}
	EndGlobalSection
EndGlobal
